// !$*UTF8*$!
{
	archiveVersion = 1;
	classes = {
	};
	objectVersion = 50;
	objects = {

/* Begin PBXBuildFile section */
		5785C886255CC9C00022AE87 /* AppDelegate.swift in Sources */ = {isa = PBXBuildFile; fileRef = 5785C885255CC9C00022AE87 /* AppDelegate.swift */; };
		5785C888255CC9C00022AE87 /* SceneDelegate.swift in Sources */ = {isa = PBXBuildFile; fileRef = 5785C887255CC9C00022AE87 /* SceneDelegate.swift */; };
		5785C88A255CC9C00022AE87 /* ViewController.swift in Sources */ = {isa = PBXBuildFile; fileRef = 5785C889255CC9C00022AE87 /* ViewController.swift */; };
		5785C88D255CC9C00022AE87 /* Main.storyboard in Resources */ = {isa = PBXBuildFile; fileRef = 5785C88B255CC9C00022AE87 /* Main.storyboard */; };
		5785C88F255CC9C20022AE87 /* Assets.xcassets in Resources */ = {isa = PBXBuildFile; fileRef = 5785C88E255CC9C20022AE87 /* Assets.xcassets */; };
		5785C892255CC9C20022AE87 /* LaunchScreen.storyboard in Resources */ = {isa = PBXBuildFile; fileRef = 5785C890255CC9C20022AE87 /* LaunchScreen.storyboard */; };
		5785C89B255CCCE80022AE87 /* content.storyboard in Resources */ = {isa = PBXBuildFile; fileRef = 5785C89A255CCCE80022AE87 /* content.storyboard */; };
		5785C89E255CCF6B0022AE87 /* AddContactViewController.swift in Sources */ = {isa = PBXBuildFile; fileRef = 5785C89D255CCF6B0022AE87 /* AddContactViewController.swift */; };
		5785C8A1255CD3FD0022AE87 /* Contact.swift in Sources */ = {isa = PBXBuildFile; fileRef = 5785C8A0255CD3FD0022AE87 /* Contact.swift */; };
		5785C8A4255D26630022AE87 /* ShowContactViewController.swift in Sources */ = {isa = PBXBuildFile; fileRef = 5785C8A3255D26630022AE87 /* ShowContactViewController.swift */; };
		5785C8A7255D30560022AE87 /* EditContactViewController.swift in Sources */ = {isa = PBXBuildFile; fileRef = 5785C8A6255D30560022AE87 /* EditContactViewController.swift */; };
/* End PBXBuildFile section */

/* Begin PBXFileReference section */
		5785C882255CC9C00022AE87 /* Telegramme_week4.app */ = {isa = PBXFileReference; explicitFileType = wrapper.application; includeInIndex = 0; path = Telegramme_week4.app; sourceTree = BUILT_PRODUCTS_DIR; };
		5785C885255CC9C00022AE87 /* AppDelegate.swift */ = {isa = PBXFileReference; lastKnownFileType = sourcecode.swift; path = AppDelegate.swift; sourceTree = "<group>"; };
		5785C887255CC9C00022AE87 /* SceneDelegate.swift */ = {isa = PBXFileReference; lastKnownFileType = sourcecode.swift; path = SceneDelegate.swift; sourceTree = "<group>"; };
		5785C889255CC9C00022AE87 /* ViewController.swift */ = {isa = PBXFileReference; lastKnownFileType = sourcecode.swift; path = ViewController.swift; sourceTree = "<group>"; };
		5785C88C255CC9C00022AE87 /* Base */ = {isa = PBXFileReference; lastKnownFileType = file.storyboard; name = Base; path = Base.lproj/Main.storyboard; sourceTree = "<group>"; };
		5785C88E255CC9C20022AE87 /* Assets.xcassets */ = {isa = PBXFileReference; lastKnownFileType = folder.assetcatalog; path = Assets.xcassets; sourceTree = "<group>"; };
		5785C891255CC9C20022AE87 /* Base */ = {isa = PBXFileReference; lastKnownFileType = file.storyboard; name = Base; path = Base.lproj/LaunchScreen.storyboard; sourceTree = "<group>"; };
		5785C893255CC9C20022AE87 /* Info.plist */ = {isa = PBXFileReference; lastKnownFileType = text.plist.xml; path = Info.plist; sourceTree = "<group>"; };
		5785C89A255CCCE80022AE87 /* content.storyboard */ = {isa = PBXFileReference; lastKnownFileType = file.storyboard; path = content.storyboard; sourceTree = "<group>"; };
		5785C89D255CCF6B0022AE87 /* AddContactViewController.swift */ = {isa = PBXFileReference; lastKnownFileType = sourcecode.swift; path = AddContactViewController.swift; sourceTree = "<group>"; };
		5785C8A0255CD3FD0022AE87 /* Contact.swift */ = {isa = PBXFileReference; lastKnownFileType = sourcecode.swift; path = Contact.swift; sourceTree = "<group>"; };
		5785C8A3255D26630022AE87 /* ShowContactViewController.swift */ = {isa = PBXFileReference; lastKnownFileType = sourcecode.swift; path = ShowContactViewController.swift; sourceTree = "<group>"; };
		5785C8A6255D30560022AE87 /* EditContactViewController.swift */ = {isa = PBXFileReference; lastKnownFileType = sourcecode.swift; path = EditContactViewController.swift; sourceTree = "<group>"; };
/* End PBXFileReference section */

/* Begin PBXFrameworksBuildPhase section */
		5785C87F255CC9C00022AE87 /* Frameworks */ = {
			isa = PBXFrameworksBuildPhase;
			buildActionMask = 2147483647;
			files = (
			);
			runOnlyForDeploymentPostprocessing = 0;
		};
/* End PBXFrameworksBuildPhase section */

/* Begin PBXGroup section */
		5785C879255CC9C00022AE87 = {
			isa = PBXGroup;
			children = (
				5785C884255CC9C00022AE87 /* Telegramme_week4 */,
				5785C883255CC9C00022AE87 /* Products */,
			);
			sourceTree = "<group>";
		};
		5785C883255CC9C00022AE87 /* Products */ = {
			isa = PBXGroup;
			children = (
				5785C882255CC9C00022AE87 /* Telegramme_week4.app */,
			);
			name = Products;
			sourceTree = "<group>";
		};
		5785C884255CC9C00022AE87 /* Telegramme_week4 */ = {
			isa = PBXGroup;
			children = (
				5785C885255CC9C00022AE87 /* AppDelegate.swift */,
				5785C887255CC9C00022AE87 /* SceneDelegate.swift */,
				5785C889255CC9C00022AE87 /* ViewController.swift */,
				5785C88B255CC9C00022AE87 /* Main.storyboard */,
				5785C89A255CCCE80022AE87 /* content.storyboard */,
				5785C8A0255CD3FD0022AE87 /* Contact.swift */,
				5785C89D255CCF6B0022AE87 /* AddContactViewController.swift */,
				5785C8A6255D30560022AE87 /* EditContactViewController.swift */,
				5785C8A3255D26630022AE87 /* ShowContactViewController.swift */,
				5785C88E255CC9C20022AE87 /* Assets.xcassets */,
				5785C890255CC9C20022AE87 /* LaunchScreen.storyboard */,
				5785C893255CC9C20022AE87 /* Info.plist */,
			);
			path = Telegramme_week4;
			sourceTree = "<group>";
		};
/* End PBXGroup section */

/* Begin PBXNativeTarget section */
		5785C881255CC9C00022AE87 /* Telegramme_week4 */ = {
			isa = PBXNativeTarget;
			buildConfigurationList = 5785C896255CC9C20022AE87 /* Build configuration list for PBXNativeTarget "Telegramme_week4" */;
			buildPhases = (
				5785C87E255CC9C00022AE87 /* Sources */,
				5785C87F255CC9C00022AE87 /* Frameworks */,
				5785C880255CC9C00022AE87 /* Resources */,
			);
			buildRules = (
			);
			dependencies = (
			);
			name = Telegramme_week4;
			productName = Telegramme_week4;
			productReference = 5785C882255CC9C00022AE87 /* Telegramme_week4.app */;
			productType = "com.apple.product-type.application";
		};
/* End PBXNativeTarget section */

/* Begin PBXProject section */
		5785C87A255CC9C00022AE87 /* Project object */ = {
			isa = PBXProject;
			attributes = {
				LastSwiftUpdateCheck = 1210;
				LastUpgradeCheck = 1210;
				TargetAttributes = {
					5785C881255CC9C00022AE87 = {
						CreatedOnToolsVersion = 12.1;
					};
				};
			};
			buildConfigurationList = 5785C87D255CC9C00022AE87 /* Build configuration list for PBXProject "Telegramme_week4" */;
			compatibilityVersion = "Xcode 9.3";
			developmentRegion = en;
			hasScannedForEncodings = 0;
			knownRegions = (
				en,
				Base,
			);
			mainGroup = 5785C879255CC9C00022AE87;
			productRefGroup = 5785C883255CC9C00022AE87 /* Products */;
			projectDirPath = "";
			projectRoot = "";
			targets = (
				5785C881255CC9C00022AE87 /* Telegramme_week4 */,
			);
		};
/* End PBXProject section */

/* Begin PBXResourcesBuildPhase section */
		5785C880255CC9C00022AE87 /* Resources */ = {
			isa = PBXResourcesBuildPhase;
			buildActionMask = 2147483647;
			files = (
				5785C89B255CCCE80022AE87 /* content.storyboard in Resources */,
				5785C892255CC9C20022AE87 /* LaunchScreen.storyboard in Resources */,
				5785C88F255CC9C20022AE87 /* Assets.xcassets in Resources */,
				5785C88D255CC9C00022AE87 /* Main.storyboard in Resources */,
			);
			runOnlyForDeploymentPostprocessing = 0;
		};
/* End PBXResourcesBuildPhase section */

/* Begin PBXSourcesBuildPhase section */
		5785C87E255CC9C00022AE87 /* Sources */ = {
			isa = PBXSourcesBuildPhase;
			buildActionMask = 2147483647;
			files = (
				5785C88A255CC9C00022AE87 /* ViewController.swift in Sources */,
				5785C89E255CCF6B0022AE87 /* AddContactViewController.swift in Sources */,
				5785C8A7255D30560022AE87 /* EditContactViewController.swift in Sources */,
				5785C8A1255CD3FD0022AE87 /* Contact.swift in Sources */,
				5785C886255CC9C00022AE87 /* AppDelegate.swift in Sources */,
				5785C8A4255D26630022AE87 /* ShowContactViewController.swift in Sources */,
				5785C888255CC9C00022AE87 /* SceneDelegate.swift in Sources */,
			);
			runOnlyForDeploymentPostprocessing = 0;
		};
/* End PBXSourcesBuildPhase section */

/* Begin PBXVariantGroup section */
		5785C88B255CC9C00022AE87 /* Main.storyboard */ = {
			isa = PBXVariantGroup;
			children = (
				5785C88C255CC9C00022AE87 /* Base */,
			);
			name = Main.storyboard;
			sourceTree = "<group>";
		};
		5785C890255CC9C20022AE87 /* LaunchScreen.storyboard */ = {
			isa = PBXVariantGroup;
			children = (
				5785C891255CC9C20022AE87 /* Base */,
			);
			name = LaunchScreen.storyboard;
			sourceTree = "<group>";
		};
/* End PBXVariantGroup section */

/* Begin XCBuildConfiguration section */
		5785C894255CC9C20022AE87 /* Debug */ = {
			isa = XCBuildConfiguration;
			buildSettings = {
				ALWAYS_SEARCH_USER_PATHS = NO;
				CLANG_ANALYZER_NONNULL = YES;
				CLANG_ANALYZER_NUMBER_OBJECT_CONVERSION = YES_AGGRESSIVE;
				CLANG_CXX_LANGUAGE_STANDARD = "gnu++14";
				CLANG_CXX_LIBRARY = "libc++";
				CLANG_ENABLE_MODULES = YES;
				CLANG_ENABLE_OBJC_ARC = YES;
				CLANG_ENABLE_OBJC_WEAK = YES;
				CLANG_WARN_BLOCK_CAPTURE_AUTORELEASING = YES;
				CLANG_WARN_BOOL_CONVERSION = YES;
				CLANG_WARN_COMMA = YES;
				CLANG_WARN_CONSTANT_CONVERSION = YES;
				CLANG_WARN_DEPRECATED_OBJC_IMPLEMENTATIONS = YES;
				CLANG_WARN_DIRECT_OBJC_ISA_USAGE = YES_ERROR;
				CLANG_WARN_DOCUMENTATION_COMMENTS = YES;
				CLANG_WARN_EMPTY_BODY = YES;
				CLANG_WARN_ENUM_CONVERSION = YES;
				CLANG_WARN_INFINITE_RECURSION = YES;
				CLANG_WARN_INT_CONVERSION = YES;
				CLANG_WARN_NON_LITERAL_NULL_CONVERSION = YES;
				CLANG_WARN_OBJC_IMPLICIT_RETAIN_SELF = YES;
				CLANG_WARN_OBJC_LITERAL_CONVERSION = YES;
				CLANG_WARN_OBJC_ROOT_CLASS = YES_ERROR;
				CLANG_WARN_QUOTED_INCLUDE_IN_FRAMEWORK_HEADER = YES;
				CLANG_WARN_RANGE_LOOP_ANALYSIS = YES;
				CLANG_WARN_STRICT_PROTOTYPES = YES;
				CLANG_WARN_SUSPICIOUS_MOVE = YES;
				CLANG_WARN_UNGUARDED_AVAILABILITY = YES_AGGRESSIVE;
				CLANG_WARN_UNREACHABLE_CODE = YES;
				CLANG_WARN__DUPLICATE_METHOD_MATCH = YES;
				COPY_PHASE_STRIP = NO;
				DEBUG_INFORMATION_FORMAT = dwarf;
				ENABLE_STRICT_OBJC_MSGSEND = YES;
				ENABLE_TESTABILITY = YES;
				GCC_C_LANGUAGE_STANDARD = gnu11;
				GCC_DYNAMIC_NO_PIC = NO;
				GCC_NO_COMMON_BLOCKS = YES;
				GCC_OPTIMIZATION_LEVEL = 0;
				GCC_PREPROCESSOR_DEFINITIONS = (
					"DEBUG=1",
					"$(inherited)",
				);
				GCC_WARN_64_TO_32_BIT_CONVERSION = YES;
				GCC_WARN_ABOUT_RETURN_TYPE = YES_ERROR;
				GCC_WARN_UNDECLARED_SELECTOR = YES;
				GCC_WARN_UNINITIALIZED_AUTOS = YES_AGGRESSIVE;
				GCC_WARN_UNUSED_FUNCTION = YES;
				GCC_WARN_UNUSED_VARIABLE = YES;
				IPHONEOS_DEPLOYMENT_TARGET = 14.1;
				MTL_ENABLE_DEBUG_INFO = INCLUDE_SOURCE;
				MTL_FAST_MATH = YES;
				ONLY_ACTIVE_ARCH = YES;
				SDKROOT = iphoneos;
				SWIFT_ACTIVE_COMPILATION_CONDITIONS = DEBUG;
				SWIFT_OPTIMIZATION_LEVEL = "-Onone";
			};
			name = Debug;
		};
		5785C895255CC9C20022AE87 /* Release */ = {
			isa = XCBuildConfiguration;
			buildSettings = {
				ALWAYS_SEARCH_USER_PATHS = NO;
				CLANG_ANALYZER_NONNULL = YES;
				CLANG_ANALYZER_NUMBER_OBJECT_CONVERSION = YES_AGGRESSIVE;
				CLANG_CXX_LANGUAGE_STANDARD = "gnu++14";
				CLANG_CXX_LIBRARY = "libc++";
				CLANG_ENABLE_MODULES = YES;
				CLANG_ENABLE_OBJC_ARC = YES;
				CLANG_ENABLE_OBJC_WEAK = YES;
				CLANG_WARN_BLOCK_CAPTURE_AUTORELEASING = YES;
				CLANG_WARN_BOOL_CONVERSION = YES;
				CLANG_WARN_COMMA = YES;
				CLANG_WARN_CONSTANT_CONVERSION = YES;
				CLANG_WARN_DEPRECATED_OBJC_IMPLEMENTATIONS = YES;
				CLANG_WARN_DIRECT_OBJC_ISA_USAGE = YES_ERROR;
				CLANG_WARN_DOCUMENTATION_COMMENTS = YES;
				CLANG_WARN_EMPTY_BODY = YES;
				CLANG_WARN_ENUM_CONVERSION = YES;
				CLANG_WARN_INFINITE_RECURSION = YES;
				CLANG_WARN_INT_CONVERSION = YES;
				CLANG_WARN_NON_LITERAL_NULL_CONVERSION = YES;
				CLANG_WARN_OBJC_IMPLICIT_RETAIN_SELF = YES;
				CLANG_WARN_OBJC_LITERAL_CONVERSION = YES;
				CLANG_WARN_OBJC_ROOT_CLASS = YES_ERROR;
				CLANG_WARN_QUOTED_INCLUDE_IN_FRAMEWORK_HEADER = YES;
				CLANG_WARN_RANGE_LOOP_ANALYSIS = YES;
				CLANG_WARN_STRICT_PROTOTYPES = YES;
				CLANG_WARN_SUSPICIOUS_MOVE = YES;
				CLANG_WARN_UNGUARDED_AVAILABILITY = YES_AGGRESSIVE;
				CLANG_WARN_UNREACHABLE_CODE = YES;
				CLANG_WARN__DUPLICATE_METHOD_MATCH = YES;
				COPY_PHASE_STRIP = NO;
				DEBUG_INFORMATION_FORMAT = "dwarf-with-dsym";
				ENABLE_NS_ASSERTIONS = NO;
				ENABLE_STRICT_OBJC_MSGSEND = YES;
				GCC_C_LANGUAGE_STANDARD = gnu11;
				GCC_NO_COMMON_BLOCKS = YES;
				GCC_WARN_64_TO_32_BIT_CONVERSION = YES;
				GCC_WARN_ABOUT_RETURN_TYPE = YES_ERROR;
				GCC_WARN_UNDECLARED_SELECTOR = YES;
				GCC_WARN_UNINITIALIZED_AUTOS = YES_AGGRESSIVE;
				GCC_WARN_UNUSED_FUNCTION = YES;
				GCC_WARN_UNUSED_VARIABLE = YES;
				IPHONEOS_DEPLOYMENT_TARGET = 14.1;
				MTL_ENABLE_DEBUG_INFO = NO;
				MTL_FAST_MATH = YES;
				SDKROOT = iphoneos;
				SWIFT_COMPILATION_MODE = wholemodule;
				SWIFT_OPTIMIZATION_LEVEL = "-O";
				VALIDATE_PRODUCT = YES;
			};
			name = Release;
		};
		5785C897255CC9C20022AE87 /* Debug */ = {
			isa = XCBuildConfiguration;
			buildSettings = {
				ASSETCATALOG_COMPILER_APPICON_NAME = AppIcon;
				ASSETCATALOG_COMPILER_GLOBAL_ACCENT_COLOR_NAME = AccentColor;
				CODE_SIGN_STYLE = Automatic;
				INFOPLIST_FILE = Telegramme_week4/Info.plist;
				LD_RUNPATH_SEARCH_PATHS = (
					"$(inherited)",
					"@executable_path/Frameworks",
				);
				PRODUCT_BUNDLE_IDENTIFIER = "sg.mad2.Telegramme-week4";
				PRODUCT_NAME = "$(TARGET_NAME)";
				SWIFT_VERSION = 5.0;
				TARGETED_DEVICE_FAMILY = "1,2";
			};
			name = Debug;
		};
		5785C898255CC9C20022AE87 /* Release */ = {
			isa = XCBuildConfiguration;
			buildSettings = {
				ASSETCATALOG_COMPILER_APPICON_NAME = AppIcon;
				ASSETCATALOG_COMPILER_GLOBAL_ACCENT_COLOR_NAME = AccentColor;
				CODE_SIGN_STYLE = Automatic;
				INFOPLIST_FILE = Telegramme_week4/Info.plist;
				LD_RUNPATH_SEARCH_PATHS = (
					"$(inherited)",
					"@executable_path/Frameworks",
				);
				PRODUCT_BUNDLE_IDENTIFIER = "sg.mad2.Telegramme-week4";
				PRODUCT_NAME = "$(TARGET_NAME)";
				SWIFT_VERSION = 5.0;
				TARGETED_DEVICE_FAMILY = "1,2";
			};
			name = Release;
		};
/* End XCBuildConfiguration section */

/* Begin XCConfigurationList section */
		5785C87D255CC9C00022AE87 /* Build configuration list for PBXProject "Telegramme_week4" */ = {
			isa = XCConfigurationList;
			buildConfigurations = (
				5785C894255CC9C20022AE87 /* Debug */,
				5785C895255CC9C20022AE87 /* Release */,
			);
			defaultConfigurationIsVisible = 0;
			defaultConfigurationName = Release;
		};
		5785C896255CC9C20022AE87 /* Build configuration list for PBXNativeTarget "Telegramme_week4" */ = {
			isa = XCConfigurationList;
			buildConfigurations = (
				5785C897255CC9C20022AE87 /* Debug */,
				5785C898255CC9C20022AE87 /* Release */,
			);
			defaultConfigurationIsVisible = 0;
			defaultConfigurationName = Release;
		};
/* End XCConfigurationList section */
	};
	rootObject = 5785C87A255CC9C00022AE87 /* Project object */;
}
